<?xml version="1.0" encoding="utf-8"?>
<Project ToolsVersion="4.0" xmlns="http://schemas.microsoft.com/developer/msbuild/2003">
  <ItemGroup>
    <ClCompile Include="Actor.cpp" />
    <ClCompile Include="BackGround.cpp" />
    <ClCompile Include="Game.cpp" />
    <ClCompile Include="GameCamera.cpp" />
    <ClCompile Include="GameUI.cpp" />
    <ClCompile Include="KnightBase.cpp" />
    <ClCompile Include="KnightPlayer.cpp" />
    <ClCompile Include="main.cpp" />
    <ClCompile Include="Map.cpp" />
    <ClCompile Include="Neutral_Enemy.cpp" />
    <ClCompile Include="Result.cpp" />
    <ClCompile Include="Status.cpp" />
    <ClCompile Include="WizardBase.cpp" />
    <ClCompile Include="WizardPlayer.cpp" />
    <ClCompile Include="Player.cpp" />
    <ClCompile Include="stdafx.cpp" />
    <ClCompile Include="system\system.cpp" />
    <ClCompile Include="Tittle.cpp" />
    <ClCompile Include="MagicBall.cpp" />
    <ClCompile Include="KnightUlt.cpp" />
    <ClCompile Include="WizardUlt.cpp" />
    <ClCompile Include="KnightAI.cpp" />
    <ClCompile Include="Lamp.cpp" />
    <ClCompile Include="CharacterSelect.cpp" />
    <ClCompile Include="Fade.cpp" />
    <ClCompile Include="ChaseEFK.cpp" />
    <ClCompile Include="ExpforKnight.cpp" />
    <ClCompile Include="Pause.cpp" />
  </ItemGroup>
  <ItemGroup>
    <ClInclude Include="Actor.h" />
    <ClInclude Include="BackGround.h" />
    <ClInclude Include="Game.h" />
    <ClInclude Include="GameCamera.h" />
    <ClInclude Include="GameUI.h" />
    <ClInclude Include="KnightBase.h" />
    <ClInclude Include="KnightPlayer.h" />
    <ClInclude Include="Map.h" />
    <ClInclude Include="Neutral_Enemy.h" />
    <ClInclude Include="Result.h" />
    <ClInclude Include="Status.h" />
    <ClInclude Include="WizardBase.h" />
    <ClInclude Include="WizardPlayer.h" />
    <ClInclude Include="Player.h" />
    <ClInclude Include="stdafx.h" />
    <ClInclude Include="system\system.h" />
    <ClInclude Include="Tittle.h" />
    <ClInclude Include="MagicBall.h" />
    <ClInclude Include="KnightUlt.h" />
    <ClInclude Include="WizardUlt.h" />
    <ClInclude Include="KnightAI.h" />
    <ClInclude Include="Lamp.h" />
    <ClInclude Include="CharacterSelect.h" />
    <ClInclude Include="Fade.h" />
    <ClInclude Include="Effect.h" />
    <ClInclude Include="ChaseEFK.h" />
    <ClInclude Include="ExpforKnight.h" />
    <ClInclude Include="Sounds.h" />
    <ClInclude Include="Pause.h" />
  </ItemGroup>
</Project>